
Microsoft Visual Studio Solution File, Format Version 12.00
# Visual Studio Version 17
VisualStudioVersion = 17.13.35931.197 d17.13
MinimumVisualStudioVersion = 10.0.40219.1
Project("{FAE04EC0-301F-11D3-BF4B-00C04F79EFBC}") = "week1_hw", "week1_hw\week1_hw.csproj", "{7F77F1F9-81D6-44F8-A4DB-1E558A092356}"
EndProject
Global
	GlobalSection(SolutionConfigurationPlatforms) = preSolution
		Debug|Any CPU = Debug|Any CPU
		Release|Any CPU = Release|Any CPU
	EndGlobalSection
	GlobalSection(ProjectConfigurationPlatforms) = postSolution
		{7F77F1F9-81D6-44F8-A4DB-1E558A092356}.Debug|Any CPU.ActiveCfg = Debug|Any CPU
		{7F77F1F9-81D6-44F8-A4DB-1E558A092356}.Debug|Any CPU.Build.0 = Debug|Any CPU
		{7F77F1F9-81D6-44F8-A4DB-1E558A092356}.Release|Any CPU.ActiveCfg = Release|Any CPU
		{7F77F1F9-81D6-44F8-A4DB-1E558A092356}.Release|Any CPU.Build.0 = Release|Any CPU
	EndGlobalSection
	GlobalSection(SolutionProperties) = preSolution
		HideSolutionNode = FALSE
	EndGlobalSection
	GlobalSection(ExtensibilityGlobals) = postSolution
		SolutionGuid = {4F240989-6E64-426C-91AE-8F9FD868CFD9}
	EndGlobalSection
EndGlobal
