
Microsoft Visual Studio Solution File, Format Version 12.00
# Visual Studio Version 17
VisualStudioVersion = 17.13.35931.197 d17.13
MinimumVisualStudioVersion = 10.0.40219.1
Project("{FAE04EC0-301F-11D3-BF4B-00C04F79EFBC}") = "HurdleTest", "HurdleTest.csproj", "{BED10847-1ED2-47D9-841B-6206D1C890FA}"
EndProject
Global
	GlobalSection(SolutionConfigurationPlatforms) = preSolution
		Debug|Any CPU = Debug|Any CPU
		Release|Any CPU = Release|Any CPU
	EndGlobalSection
	GlobalSection(ProjectConfigurationPlatforms) = postSolution
		{BED10847-1ED2-47D9-841B-6206D1C890FA}.Debug|Any CPU.ActiveCfg = Debug|Any CPU
		{BED10847-1ED2-47D9-841B-6206D1C890FA}.Debug|Any CPU.Build.0 = Debug|Any CPU
		{BED10847-1ED2-47D9-841B-6206D1C890FA}.Release|Any CPU.ActiveCfg = Release|Any CPU
		{BED10847-1ED2-47D9-841B-6206D1C890FA}.Release|Any CPU.Build.0 = Release|Any CPU
	EndGlobalSection
	GlobalSection(SolutionProperties) = preSolution
		HideSolutionNode = FALSE
	EndGlobalSection
	GlobalSection(ExtensibilityGlobals) = postSolution
		SolutionGuid = {3806CF31-D646-4C68-9604-8C5959E1C712}
	EndGlobalSection
EndGlobal
