
Microsoft Visual Studio Solution File, Format Version 12.00
# Visual Studio Version 17
VisualStudioVersion = 17.13.35931.197 d17.13
MinimumVisualStudioVersion = 10.0.40219.1
Project("{FAE04EC0-301F-11D3-BF4B-00C04F79EFBC}") = "SwinAdventure", "SwinAdventure.csproj", "{9F52D90A-50AC-4635-8606-BCAEFCA6055C}"
EndProject
Project("{FAE04EC0-301F-11D3-BF4B-00C04F79EFBC}") = "ObjTest", "..\ObjTest\ObjTest.csproj", "{24A61DFE-F7F4-4867-9826-2DFA73DBEE2A}"
EndProject
Global
	GlobalSection(SolutionConfigurationPlatforms) = preSolution
		Debug|Any CPU = Debug|Any CPU
		Release|Any CPU = Release|Any CPU
	EndGlobalSection
	GlobalSection(ProjectConfigurationPlatforms) = postSolution
		{9F52D90A-50AC-4635-8606-BCAEFCA6055C}.Debug|Any CPU.ActiveCfg = Debug|Any CPU
		{9F52D90A-50AC-4635-8606-BCAEFCA6055C}.Debug|Any CPU.Build.0 = Debug|Any CPU
		{9F52D90A-50AC-4635-8606-BCAEFCA6055C}.Release|Any CPU.ActiveCfg = Release|Any CPU
		{9F52D90A-50AC-4635-8606-BCAEFCA6055C}.Release|Any CPU.Build.0 = Release|Any CPU
		{24A61DFE-F7F4-4867-9826-2DFA73DBEE2A}.Debug|Any CPU.ActiveCfg = Debug|Any CPU
		{24A61DFE-F7F4-4867-9826-2DFA73DBEE2A}.Debug|Any CPU.Build.0 = Debug|Any CPU
		{24A61DFE-F7F4-4867-9826-2DFA73DBEE2A}.Release|Any CPU.ActiveCfg = Release|Any CPU
		{24A61DFE-F7F4-4867-9826-2DFA73DBEE2A}.Release|Any CPU.Build.0 = Release|Any CPU
	EndGlobalSection
	GlobalSection(SolutionProperties) = preSolution
		HideSolutionNode = FALSE
	EndGlobalSection
	GlobalSection(ExtensibilityGlobals) = postSolution
		SolutionGuid = {610B4133-355F-4850-A604-C3FBC80261CC}
	EndGlobalSection
EndGlobal
